
Microsoft Visual Studio Solution File, Format Version 12.00
# Visual Studio Version 17
VisualStudioVersion = 17.9.34723.18
MinimumVisualStudioVersion = 10.0.40219.1
Project("{888888A0-9F3D-457C-B088-3A5042F75D52}") = "IterationAndRecursion", "IterationAndRecursion.pyproj", "{079DFAFF-6CF0-45D9-9487-6F51D3AEAEEE}"
EndProject
Global
	GlobalSection(SolutionConfigurationPlatforms) = preSolution
		Debug|Any CPU = Debug|Any CPU
		Release|Any CPU = Release|Any CPU
	EndGlobalSection
	GlobalSection(ProjectConfigurationPlatforms) = postSolution
		{079DFAFF-6CF0-45D9-9487-6F51D3AEAEEE}.Debug|Any CPU.ActiveCfg = Debug|Any CPU
		{079DFAFF-6CF0-45D9-9487-6F51D3AEAEEE}.Release|Any CPU.ActiveCfg = Release|Any CPU
	EndGlobalSection
	GlobalSection(SolutionProperties) = preSolution
		HideSolutionNode = FALSE
	EndGlobalSection
	GlobalSection(ExtensibilityGlobals) = postSolution
		SolutionGuid = {9AAE9C09-348D-4D53-B3A1-E919B50BCDB6}
	EndGlobalSection
EndGlobal
